
Microsoft Visual Studio Solution File, Format Version 12.00
# Visual Studio Version 17
VisualStudioVersion = 17.6.33723.286
MinimumVisualStudioVersion = 10.0.40219.1
Project("{8BC9CEB8-8B4A-11D0-8D11-00A0C91BC942}") = "Graduation-Memories-Hall-Backend", "Graduation-Memories-Hall-Backend\Graduation-Memories-Hall-Backend.vcxproj", "{439EEEE1-4B31-471B-98D8-93BD71DB2D10}"
EndProject
Global
	GlobalSection(SolutionConfigurationPlatforms) = preSolution
		Debug|x64 = Debug|x64
		Debug|x86 = Debug|x86
		Release|x64 = Release|x64
		Release|x86 = Release|x86
	EndGlobalSection
	GlobalSection(ProjectConfigurationPlatforms) = postSolution
		{439EEEE1-4B31-471B-98D8-93BD71DB2D10}.Debug|x64.ActiveCfg = Debug|x64
		{439EEEE1-4B31-471B-98D8-93BD71DB2D10}.Debug|x64.Build.0 = Debug|x64
		{439EEEE1-4B31-471B-98D8-93BD71DB2D10}.Debug|x86.ActiveCfg = Debug|Win32
		{439EEEE1-4B31-471B-98D8-93BD71DB2D10}.Debug|x86.Build.0 = Debug|Win32
		{439EEEE1-4B31-471B-98D8-93BD71DB2D10}.Release|x64.ActiveCfg = Release|x64
		{439EEEE1-4B31-471B-98D8-93BD71DB2D10}.Release|x64.Build.0 = Release|x64
		{439EEEE1-4B31-471B-98D8-93BD71DB2D10}.Release|x86.ActiveCfg = Release|Win32
		{439EEEE1-4B31-471B-98D8-93BD71DB2D10}.Release|x86.Build.0 = Release|Win32
	EndGlobalSection
	GlobalSection(SolutionProperties) = preSolution
		HideSolutionNode = FALSE
	EndGlobalSection
	GlobalSection(ExtensibilityGlobals) = postSolution
		SolutionGuid = {C869220C-EB00-446E-A39E-4E5836866412}
	EndGlobalSection
EndGlobal
